
Microsoft Visual Studio Solution File, Format Version 12.00
# Visual Studio Version 16
VisualStudioVersion = 16.0.32802.440
MinimumVisualStudioVersion = 10.0.40219.1
Project("{9A19103F-16F7-4668-BE54-9A1E7A4F7556}") = "University", "University.csproj", "{35C415A6-B10C-4429-B1F1-DA24147FE221}"
EndProject
Project("{FAE04EC0-301F-11D3-BF4B-00C04F79EFBC}") = "TestsForUniversity", "..\TestsForUniversity\TestsForUniversity.csproj", "{42F1AA5E-7A3A-47AC-BE0D-EA5782E03EA5}"
EndProject
Global
	GlobalSection(SolutionConfigurationPlatforms) = preSolution
		Debug|Any CPU = Debug|Any CPU
		Release|Any CPU = Release|Any CPU
	EndGlobalSection
	GlobalSection(ProjectConfigurationPlatforms) = postSolution
		{35C415A6-B10C-4429-B1F1-DA24147FE221}.Debug|Any CPU.ActiveCfg = Debug|Any CPU
		{35C415A6-B10C-4429-B1F1-DA24147FE221}.Debug|Any CPU.Build.0 = Debug|Any CPU
		{35C415A6-B10C-4429-B1F1-DA24147FE221}.Release|Any CPU.ActiveCfg = Release|Any CPU
		{35C415A6-B10C-4429-B1F1-DA24147FE221}.Release|Any CPU.Build.0 = Release|Any CPU
		{42F1AA5E-7A3A-47AC-BE0D-EA5782E03EA5}.Debug|Any CPU.ActiveCfg = Debug|Any CPU
		{42F1AA5E-7A3A-47AC-BE0D-EA5782E03EA5}.Debug|Any CPU.Build.0 = Debug|Any CPU
		{42F1AA5E-7A3A-47AC-BE0D-EA5782E03EA5}.Release|Any CPU.ActiveCfg = Release|Any CPU
		{42F1AA5E-7A3A-47AC-BE0D-EA5782E03EA5}.Release|Any CPU.Build.0 = Release|Any CPU
	EndGlobalSection
	GlobalSection(SolutionProperties) = preSolution
		HideSolutionNode = FALSE
	EndGlobalSection
	GlobalSection(ExtensibilityGlobals) = postSolution
		SolutionGuid = {277B37DA-5482-4300-A697-99C427FFB951}
	EndGlobalSection
EndGlobal
